
Microsoft Visual Studio Solution File, Format Version 11.00
# Visual Studio 2010
Project("{FAE04EC0-301F-11D3-BF4B-00C04F79EFBC}") = "DotNetExtensions", "DotNetExtensions\DotNetExtensions.csproj", "{889137D7-6C8C-451D-8DF1-9FB673AE5C82}"
EndProject
Project("{FAE04EC0-301F-11D3-BF4B-00C04F79EFBC}") = "Tests", "Tests\Tests.csproj", "{0D51B932-38D2-4C59-851D-939EE26EEAF4}"
EndProject
Global
	GlobalSection(SolutionConfigurationPlatforms) = preSolution
		Debug|Any CPU = Debug|Any CPU
		Release|Any CPU = Release|Any CPU
	EndGlobalSection
	GlobalSection(ProjectConfigurationPlatforms) = postSolution
		{889137D7-6C8C-451D-8DF1-9FB673AE5C82}.Debug|Any CPU.ActiveCfg = Debug|Any CPU
		{889137D7-6C8C-451D-8DF1-9FB673AE5C82}.Debug|Any CPU.Build.0 = Debug|Any CPU
		{889137D7-6C8C-451D-8DF1-9FB673AE5C82}.Release|Any CPU.ActiveCfg = Release|Any CPU
		{889137D7-6C8C-451D-8DF1-9FB673AE5C82}.Release|Any CPU.Build.0 = Release|Any CPU
		{0D51B932-38D2-4C59-851D-939EE26EEAF4}.Debug|Any CPU.ActiveCfg = Debug|Any CPU
		{0D51B932-38D2-4C59-851D-939EE26EEAF4}.Debug|Any CPU.Build.0 = Debug|Any CPU
		{0D51B932-38D2-4C59-851D-939EE26EEAF4}.Release|Any CPU.ActiveCfg = Release|Any CPU
		{0D51B932-38D2-4C59-851D-939EE26EEAF4}.Release|Any CPU.Build.0 = Release|Any CPU
	EndGlobalSection
	GlobalSection(SolutionProperties) = preSolution
		HideSolutionNode = FALSE
	EndGlobalSection
EndGlobal
